
Microsoft Visual Studio Solution File, Format Version 12.00
# Visual Studio Version 16
VisualStudioVersion = 16.0.30204.135
MinimumVisualStudioVersion = 10.0.40219.1
Project("{FAE04EC0-301F-11D3-BF4B-00C04F79EFBC}") = "Ray2Mod_RecordingTool", "Ray2Mod_RecordingTool.csproj", "{257D2C44-DA66-42E6-8D77-F4CDE39704F7}"
EndProject
Global
	GlobalSection(SolutionConfigurationPlatforms) = preSolution
		Debug|Any CPU = Debug|Any CPU
		Release|Any CPU = Release|Any CPU
	EndGlobalSection
	GlobalSection(ProjectConfigurationPlatforms) = postSolution
		{257D2C44-DA66-42E6-8D77-F4CDE39704F7}.Debug|Any CPU.ActiveCfg = Debug|Any CPU
		{257D2C44-DA66-42E6-8D77-F4CDE39704F7}.Debug|Any CPU.Build.0 = Debug|Any CPU
		{257D2C44-DA66-42E6-8D77-F4CDE39704F7}.Release|Any CPU.ActiveCfg = Release|Any CPU
		{257D2C44-DA66-42E6-8D77-F4CDE39704F7}.Release|Any CPU.Build.0 = Release|Any CPU
	EndGlobalSection
	GlobalSection(SolutionProperties) = preSolution
		HideSolutionNode = FALSE
	EndGlobalSection
	GlobalSection(ExtensibilityGlobals) = postSolution
		SolutionGuid = {09D4EF3D-9BFD-4FFF-9B16-738228940B2C}
	EndGlobalSection
EndGlobal
